
Microsoft Visual Studio Solution File, Format Version 12.00
# Visual Studio Version 17
VisualStudioVersion = 17.6.33815.320
MinimumVisualStudioVersion = 10.0.40219.1
Project("{FAE04EC0-301F-11D3-BF4B-00C04F79EFBC}") = "aman_project", "aman_project\aman_project.csproj", "{C759B991-85B7-426F-B469-6B82DB82EAD0}"
EndProject
Global
	GlobalSection(SolutionConfigurationPlatforms) = preSolution
		Debug|Any CPU = Debug|Any CPU
		Release|Any CPU = Release|Any CPU
	EndGlobalSection
	GlobalSection(ProjectConfigurationPlatforms) = postSolution
		{C759B991-85B7-426F-B469-6B82DB82EAD0}.Debug|Any CPU.ActiveCfg = Debug|Any CPU
		{C759B991-85B7-426F-B469-6B82DB82EAD0}.Debug|Any CPU.Build.0 = Debug|Any CPU
		{C759B991-85B7-426F-B469-6B82DB82EAD0}.Release|Any CPU.ActiveCfg = Release|Any CPU
		{C759B991-85B7-426F-B469-6B82DB82EAD0}.Release|Any CPU.Build.0 = Release|Any CPU
	EndGlobalSection
	GlobalSection(SolutionProperties) = preSolution
		HideSolutionNode = FALSE
	EndGlobalSection
	GlobalSection(ExtensibilityGlobals) = postSolution
		SolutionGuid = {EC5CCD3F-28A0-44F1-8F0D-66A7426F0E83}
	EndGlobalSection
EndGlobal
